
Microsoft Visual Studio Solution File, Format Version 12.00
# Visual Studio Express 2013 for Windows Desktop
VisualStudioVersion = 12.0.40629.0
MinimumVisualStudioVersion = 10.0.40219.1
Project("{FAE04EC0-301F-11D3-BF4B-00C04F79EFBC}") = "APOffice", "APOffice.csproj", "{BC66E45B-673D-4E01-9450-AED3E127ADFD}"
EndProject
Project("{2150E333-8FDC-42A3-9474-1A3956D46DE8}") = "Solution Items", "Solution Items", "{89A0EB1B-51A7-4AD1-854F-8AD160EFB833}"
EndProject
Global
	GlobalSection(SolutionConfigurationPlatforms) = preSolution
		Debug|Any CPU = Debug|Any CPU
		Debug|x86 = Debug|x86
		Release|Any CPU = Release|Any CPU
		Release|x86 = Release|x86
	EndGlobalSection
	GlobalSection(ProjectConfigurationPlatforms) = postSolution
		{BC66E45B-673D-4E01-9450-AED3E127ADFD}.Debug|Any CPU.ActiveCfg = Debug|Any CPU
		{BC66E45B-673D-4E01-9450-AED3E127ADFD}.Debug|Any CPU.Build.0 = Debug|Any CPU
		{BC66E45B-673D-4E01-9450-AED3E127ADFD}.Debug|x86.ActiveCfg = Debug|x86
		{BC66E45B-673D-4E01-9450-AED3E127ADFD}.Debug|x86.Build.0 = Debug|x86
		{BC66E45B-673D-4E01-9450-AED3E127ADFD}.Release|Any CPU.ActiveCfg = Release|Any CPU
		{BC66E45B-673D-4E01-9450-AED3E127ADFD}.Release|Any CPU.Build.0 = Release|Any CPU
		{BC66E45B-673D-4E01-9450-AED3E127ADFD}.Release|x86.ActiveCfg = Release|x86
		{BC66E45B-673D-4E01-9450-AED3E127ADFD}.Release|x86.Build.0 = Release|x86
	EndGlobalSection
	GlobalSection(SolutionProperties) = preSolution
		HideSolutionNode = FALSE
	EndGlobalSection
EndGlobal
